
Microsoft Visual Studio Solution File, Format Version 12.00
# Visual Studio Version 16
VisualStudioVersion = 16.0.28803.202
MinimumVisualStudioVersion = 10.0.40219.1
Project("{FAE04EC0-301F-11D3-BF4B-00C04F79EFBC}") = "WebApplication1", "WebApplication1\WebApplication1.csproj", "{8867FAC3-27DD-4F7F-9D6C-54EC466D1432}"
EndProject
Global
	GlobalSection(SolutionConfigurationPlatforms) = preSolution
		Debug|Any CPU = Debug|Any CPU
		Release|Any CPU = Release|Any CPU
	EndGlobalSection
	GlobalSection(ProjectConfigurationPlatforms) = postSolution
		{8867FAC3-27DD-4F7F-9D6C-54EC466D1432}.Debug|Any CPU.ActiveCfg = Debug|Any CPU
		{8867FAC3-27DD-4F7F-9D6C-54EC466D1432}.Debug|Any CPU.Build.0 = Debug|Any CPU
		{8867FAC3-27DD-4F7F-9D6C-54EC466D1432}.Release|Any CPU.ActiveCfg = Release|Any CPU
		{8867FAC3-27DD-4F7F-9D6C-54EC466D1432}.Release|Any CPU.Build.0 = Release|Any CPU
	EndGlobalSection
	GlobalSection(SolutionProperties) = preSolution
		HideSolutionNode = FALSE
	EndGlobalSection
	GlobalSection(ExtensibilityGlobals) = postSolution
		SolutionGuid = {2CA043D3-6219-4661-B8AA-7BA1863A422E}
	EndGlobalSection
EndGlobal
